
Microsoft Visual Studio Solution File, Format Version 12.00
# Visual Studio Version 16
VisualStudioVersion = 16.0.31624.102
MinimumVisualStudioVersion = 10.0.40219.1
Project("{FAE04EC0-301F-11D3-BF4B-00C04F79EFBC}") = "CSBasic-label", "CSBasic-label\CSBasic-label.csproj", "{C628BE70-9F59-4A24-BB21-FFB3CF93BFCC}"
EndProject
Global
	GlobalSection(SolutionConfigurationPlatforms) = preSolution
		Debug|Any CPU = Debug|Any CPU
		Release|Any CPU = Release|Any CPU
	EndGlobalSection
	GlobalSection(ProjectConfigurationPlatforms) = postSolution
		{C628BE70-9F59-4A24-BB21-FFB3CF93BFCC}.Debug|Any CPU.ActiveCfg = Debug|Any CPU
		{C628BE70-9F59-4A24-BB21-FFB3CF93BFCC}.Debug|Any CPU.Build.0 = Debug|Any CPU
		{C628BE70-9F59-4A24-BB21-FFB3CF93BFCC}.Release|Any CPU.ActiveCfg = Release|Any CPU
		{C628BE70-9F59-4A24-BB21-FFB3CF93BFCC}.Release|Any CPU.Build.0 = Release|Any CPU
	EndGlobalSection
	GlobalSection(SolutionProperties) = preSolution
		HideSolutionNode = FALSE
	EndGlobalSection
	GlobalSection(ExtensibilityGlobals) = postSolution
		SolutionGuid = {B3D62AA2-0453-41D1-A084-9A8793333E07}
	EndGlobalSection
EndGlobal
