
Microsoft Visual Studio Solution File, Format Version 12.00
# Visual Studio Version 16
VisualStudioVersion = 16.0.31624.102
MinimumVisualStudioVersion = 10.0.40219.1
Project("{FAE04EC0-301F-11D3-BF4B-00C04F79EFBC}") = "CSBasic7-FormPrac", "CSBasic7-FormPrac\CSBasic7-FormPrac.csproj", "{FA0857C5-A730-4569-AE67-1995234795D5}"
EndProject
Global
	GlobalSection(SolutionConfigurationPlatforms) = preSolution
		Debug|Any CPU = Debug|Any CPU
		Release|Any CPU = Release|Any CPU
	EndGlobalSection
	GlobalSection(ProjectConfigurationPlatforms) = postSolution
		{FA0857C5-A730-4569-AE67-1995234795D5}.Debug|Any CPU.ActiveCfg = Debug|Any CPU
		{FA0857C5-A730-4569-AE67-1995234795D5}.Debug|Any CPU.Build.0 = Debug|Any CPU
		{FA0857C5-A730-4569-AE67-1995234795D5}.Release|Any CPU.ActiveCfg = Release|Any CPU
		{FA0857C5-A730-4569-AE67-1995234795D5}.Release|Any CPU.Build.0 = Release|Any CPU
	EndGlobalSection
	GlobalSection(SolutionProperties) = preSolution
		HideSolutionNode = FALSE
	EndGlobalSection
	GlobalSection(ExtensibilityGlobals) = postSolution
		SolutionGuid = {413924BC-F2AE-42FC-B7D0-3FB031AB2FDF}
	EndGlobalSection
EndGlobal
